// !$*UTF8*$!
{
	archiveVersion = 1;
	classes = {
	};
	objectVersion = 50;
	objects = {

/* Begin PBXBuildFile section */
		1D1202F4214ABE2B00B035EC /* CheckmarkBtn.swift in Sources */ = {isa = PBXBuildFile; fileRef = 1D1202F3214ABE2B00B035EC /* CheckmarkBtn.swift */; };
		1D6CBD6A2119C1B300324833 /* TableViewCell.swift in Sources */ = {isa = PBXBuildFile; fileRef = 1D6CBD682119C1B300324833 /* TableViewCell.swift */; };
		1D6CBD6B2119C1B300324833 /* TableViewCell.xib in Resources */ = {isa = PBXBuildFile; fileRef = 1D6CBD692119C1B300324833 /* TableViewCell.xib */; };
		1D6CBD6C2119C8BE00324833 /* Main.storyboard in Resources */ = {isa = PBXBuildFile; fileRef = 1D7B613E21106452000DF2CF /* Main.storyboard */; };
		1D7B613B21106451000DF2CF /* AppDelegate.swift in Sources */ = {isa = PBXBuildFile; fileRef = 1D7B613A21106451000DF2CF /* AppDelegate.swift */; };
		1D7B613D21106451000DF2CF /* TableViewController.swift in Sources */ = {isa = PBXBuildFile; fileRef = 1D7B613C21106451000DF2CF /* TableViewController.swift */; };
		1D7B614321106452000DF2CF /* ToDoList.xcdatamodeld in Sources */ = {isa = PBXBuildFile; fileRef = 1D7B614121106452000DF2CF /* ToDoList.xcdatamodeld */; };
		1D7B614521106466000DF2CF /* Assets.xcassets in Resources */ = {isa = PBXBuildFile; fileRef = 1D7B614421106466000DF2CF /* Assets.xcassets */; };
		1D7B614821106466000DF2CF /* LaunchScreen.storyboard in Resources */ = {isa = PBXBuildFile; fileRef = 1D7B614621106466000DF2CF /* LaunchScreen.storyboard */; };
		1D7B61502111C06F000DF2CF /* InsertInfoViewController.swift in Sources */ = {isa = PBXBuildFile; fileRef = 1D7B614F2111C06F000DF2CF /* InsertInfoViewController.swift */; };
/* End PBXBuildFile section */

/* Begin PBXFileReference section */
		1D1202F3214ABE2B00B035EC /* CheckmarkBtn.swift */ = {isa = PBXFileReference; lastKnownFileType = sourcecode.swift; path = CheckmarkBtn.swift; sourceTree = "<group>"; };
		1D6CBD682119C1B300324833 /* TableViewCell.swift */ = {isa = PBXFileReference; lastKnownFileType = sourcecode.swift; path = TableViewCell.swift; sourceTree = "<group>"; };
		1D6CBD692119C1B300324833 /* TableViewCell.xib */ = {isa = PBXFileReference; lastKnownFileType = file.xib; path = TableViewCell.xib; sourceTree = "<group>"; };
		1D7B613721106451000DF2CF /* ToDoList.app */ = {isa = PBXFileReference; explicitFileType = wrapper.application; includeInIndex = 0; path = ToDoList.app; sourceTree = BUILT_PRODUCTS_DIR; };
		1D7B613A21106451000DF2CF /* AppDelegate.swift */ = {isa = PBXFileReference; lastKnownFileType = sourcecode.swift; path = AppDelegate.swift; sourceTree = "<group>"; };
		1D7B613C21106451000DF2CF /* TableViewController.swift */ = {isa = PBXFileReference; lastKnownFileType = sourcecode.swift; path = TableViewController.swift; sourceTree = "<group>"; };
		1D7B613F21106452000DF2CF /* Base */ = {isa = PBXFileReference; lastKnownFileType = file.storyboard; name = Base; path = Base.lproj/Main.storyboard; sourceTree = "<group>"; };
		1D7B614221106452000DF2CF /* lista.xcdatamodel */ = {isa = PBXFileReference; lastKnownFileType = wrapper.xcdatamodel; path = lista.xcdatamodel; sourceTree = "<group>"; };
		1D7B614421106466000DF2CF /* Assets.xcassets */ = {isa = PBXFileReference; lastKnownFileType = folder.assetcatalog; path = Assets.xcassets; sourceTree = "<group>"; };
		1D7B614721106466000DF2CF /* Base */ = {isa = PBXFileReference; lastKnownFileType = file.storyboard; name = Base; path = Base.lproj/LaunchScreen.storyboard; sourceTree = "<group>"; };
		1D7B614921106466000DF2CF /* Info.plist */ = {isa = PBXFileReference; lastKnownFileType = text.plist.xml; path = Info.plist; sourceTree = "<group>"; };
		1D7B614F2111C06F000DF2CF /* InsertInfoViewController.swift */ = {isa = PBXFileReference; lastKnownFileType = sourcecode.swift; path = InsertInfoViewController.swift; sourceTree = "<group>"; };
/* End PBXFileReference section */

/* Begin PBXFrameworksBuildPhase section */
		1D7B613421106451000DF2CF /* Frameworks */ = {
			isa = PBXFrameworksBuildPhase;
			buildActionMask = 2147483647;
			files = (
			);
			runOnlyForDeploymentPostprocessing = 0;
		};
/* End PBXFrameworksBuildPhase section */

/* Begin PBXGroup section */
		1D1202F5214ABE3000B035EC /* View */ = {
			isa = PBXGroup;
			children = (
				1D1202F3214ABE2B00B035EC /* CheckmarkBtn.swift */,
				1D6CBD682119C1B300324833 /* TableViewCell.swift */,
			);
			path = View;
			sourceTree = "<group>";
		};
		1D7B612E21106451000DF2CF = {
			isa = PBXGroup;
			children = (
				1D7B613921106451000DF2CF /* lista */,
				1D7B613821106451000DF2CF /* Products */,
			);
			sourceTree = "<group>";
		};
		1D7B613821106451000DF2CF /* Products */ = {
			isa = PBXGroup;
			children = (
				1D7B613721106451000DF2CF /* ToDoList.app */,
			);
			name = Products;
			sourceTree = "<group>";
		};
		1D7B613921106451000DF2CF /* lista */ = {
			isa = PBXGroup;
			children = (
				1D1202F5214ABE3000B035EC /* View */,
				1D7B613A21106451000DF2CF /* AppDelegate.swift */,
				1D7B613C21106451000DF2CF /* TableViewController.swift */,
				1D7B614F2111C06F000DF2CF /* InsertInfoViewController.swift */,
				1D6CBD692119C1B300324833 /* TableViewCell.xib */,
				1D7B613E21106452000DF2CF /* Main.storyboard */,
				1D7B614421106466000DF2CF /* Assets.xcassets */,
				1D7B614621106466000DF2CF /* LaunchScreen.storyboard */,
				1D7B614921106466000DF2CF /* Info.plist */,
				1D7B614121106452000DF2CF /* ToDoList.xcdatamodeld */,
			);
			name = lista;
			path = ToDoList;
			sourceTree = "<group>";
		};
/* End PBXGroup section */

/* Begin PBXNativeTarget section */
		1D7B613621106451000DF2CF /* ToDoList */ = {
			isa = PBXNativeTarget;
			buildConfigurationList = 1D7B614C21106466000DF2CF /* Build configuration list for PBXNativeTarget "ToDoList" */;
			buildPhases = (
				1D7B613321106451000DF2CF /* Sources */,
				1D7B613421106451000DF2CF /* Frameworks */,
				1D7B613521106451000DF2CF /* Resources */,
			);
			buildRules = (
			);
			dependencies = (
			);
			name = ToDoList;
			productName = lista;
			productReference = 1D7B613721106451000DF2CF /* ToDoList.app */;
			productType = "com.apple.product-type.application";
		};
/* End PBXNativeTarget section */

/* Begin PBXProject section */
		1D7B612F21106451000DF2CF /* Project object */ = {
			isa = PBXProject;
			attributes = {
				LastSwiftUpdateCheck = 0940;
				LastUpgradeCheck = 0940;
				ORGANIZATIONNAME = "Filip  Gonera";
				TargetAttributes = {
					1D7B613621106451000DF2CF = {
						CreatedOnToolsVersion = 9.4.1;
					};
				};
			};
			buildConfigurationList = 1D7B613221106451000DF2CF /* Build configuration list for PBXProject "ToDoList" */;
			compatibilityVersion = "Xcode 9.3";
			developmentRegion = en;
			hasScannedForEncodings = 0;
			knownRegions = (
				en,
				Base,
			);
			mainGroup = 1D7B612E21106451000DF2CF;
			productRefGroup = 1D7B613821106451000DF2CF /* Products */;
			projectDirPath = "";
			projectRoot = "";
			targets = (
				1D7B613621106451000DF2CF /* ToDoList */,
			);
		};
/* End PBXProject section */

/* Begin PBXResourcesBuildPhase section */
		1D7B613521106451000DF2CF /* Resources */ = {
			isa = PBXResourcesBuildPhase;
			buildActionMask = 2147483647;
			files = (
				1D7B614821106466000DF2CF /* LaunchScreen.storyboard in Resources */,
				1D6CBD6B2119C1B300324833 /* TableViewCell.xib in Resources */,
				1D7B614521106466000DF2CF /* Assets.xcassets in Resources */,
				1D6CBD6C2119C8BE00324833 /* Main.storyboard in Resources */,
			);
			runOnlyForDeploymentPostprocessing = 0;
		};
/* End PBXResourcesBuildPhase section */

/* Begin PBXSourcesBuildPhase section */
		1D7B613321106451000DF2CF /* Sources */ = {
			isa = PBXSourcesBuildPhase;
			buildActionMask = 2147483647;
			files = (
				1D7B613D21106451000DF2CF /* TableViewController.swift in Sources */,
				1D7B61502111C06F000DF2CF /* InsertInfoViewController.swift in Sources */,
				1D7B614321106452000DF2CF /* ToDoList.xcdatamodeld in Sources */,
				1D6CBD6A2119C1B300324833 /* TableViewCell.swift in Sources */,
				1D7B613B21106451000DF2CF /* AppDelegate.swift in Sources */,
				1D1202F4214ABE2B00B035EC /* CheckmarkBtn.swift in Sources */,
			);
			runOnlyForDeploymentPostprocessing = 0;
		};
/* End PBXSourcesBuildPhase section */

/* Begin PBXVariantGroup section */
		1D7B613E21106452000DF2CF /* Main.storyboard */ = {
			isa = PBXVariantGroup;
			children = (
				1D7B613F21106452000DF2CF /* Base */,
			);
			name = Main.storyboard;
			sourceTree = "<group>";
		};
		1D7B614621106466000DF2CF /* LaunchScreen.storyboard */ = {
			isa = PBXVariantGroup;
			children = (
				1D7B614721106466000DF2CF /* Base */,
			);
			name = LaunchScreen.storyboard;
			sourceTree = "<group>";
		};
/* End PBXVariantGroup section */

/* Begin XCBuildConfiguration section */
		1D7B614A21106466000DF2CF /* Debug */ = {
			isa = XCBuildConfiguration;
			buildSettings = {
				ALWAYS_SEARCH_USER_PATHS = NO;
				CLANG_ANALYZER_NONNULL = YES;
				CLANG_ANALYZER_NUMBER_OBJECT_CONVERSION = YES_AGGRESSIVE;
				CLANG_CXX_LANGUAGE_STANDARD = "gnu++14";
				CLANG_CXX_LIBRARY = "libc++";
				CLANG_ENABLE_MODULES = YES;
				CLANG_ENABLE_OBJC_ARC = YES;
				CLANG_ENABLE_OBJC_WEAK = YES;
				CLANG_WARN_BLOCK_CAPTURE_AUTORELEASING = YES;
				CLANG_WARN_BOOL_CONVERSION = YES;
				CLANG_WARN_COMMA = YES;
				CLANG_WARN_CONSTANT_CONVERSION = YES;
				CLANG_WARN_DEPRECATED_OBJC_IMPLEMENTATIONS = YES;
				CLANG_WARN_DIRECT_OBJC_ISA_USAGE = YES_ERROR;
				CLANG_WARN_DOCUMENTATION_COMMENTS = YES;
				CLANG_WARN_EMPTY_BODY = YES;
				CLANG_WARN_ENUM_CONVERSION = YES;
				CLANG_WARN_INFINITE_RECURSION = YES;
				CLANG_WARN_INT_CONVERSION = YES;
				CLANG_WARN_NON_LITERAL_NULL_CONVERSION = YES;
				CLANG_WARN_OBJC_IMPLICIT_RETAIN_SELF = YES;
				CLANG_WARN_OBJC_LITERAL_CONVERSION = YES;
				CLANG_WARN_OBJC_ROOT_CLASS = YES_ERROR;
				CLANG_WARN_RANGE_LOOP_ANALYSIS = YES;
				CLANG_WARN_STRICT_PROTOTYPES = YES;
				CLANG_WARN_SUSPICIOUS_MOVE = YES;
				CLANG_WARN_UNGUARDED_AVAILABILITY = YES_AGGRESSIVE;
				CLANG_WARN_UNREACHABLE_CODE = YES;
				CLANG_WARN__DUPLICATE_METHOD_MATCH = YES;
				CODE_SIGN_IDENTITY = "iPhone Developer";
				COPY_PHASE_STRIP = NO;
				DEBUG_INFORMATION_FORMAT = dwarf;
				ENABLE_STRICT_OBJC_MSGSEND = YES;
				ENABLE_TESTABILITY = YES;
				GCC_C_LANGUAGE_STANDARD = gnu11;
				GCC_DYNAMIC_NO_PIC = NO;
				GCC_NO_COMMON_BLOCKS = YES;
				GCC_OPTIMIZATION_LEVEL = 0;
				GCC_PREPROCESSOR_DEFINITIONS = (
					"DEBUG=1",
					"$(inherited)",
				);
				GCC_WARN_64_TO_32_BIT_CONVERSION = YES;
				GCC_WARN_ABOUT_RETURN_TYPE = YES_ERROR;
				GCC_WARN_UNDECLARED_SELECTOR = YES;
				GCC_WARN_UNINITIALIZED_AUTOS = YES_AGGRESSIVE;
				GCC_WARN_UNUSED_FUNCTION = YES;
				GCC_WARN_UNUSED_VARIABLE = YES;
				IPHONEOS_DEPLOYMENT_TARGET = 11.4;
				MTL_ENABLE_DEBUG_INFO = YES;
				ONLY_ACTIVE_ARCH = YES;
				SDKROOT = iphoneos;
				SWIFT_ACTIVE_COMPILATION_CONDITIONS = DEBUG;
				SWIFT_OPTIMIZATION_LEVEL = "-Onone";
			};
			name = Debug;
		};
		1D7B614B21106466000DF2CF /* Release */ = {
			isa = XCBuildConfiguration;
			buildSettings = {
				ALWAYS_SEARCH_USER_PATHS = NO;
				CLANG_ANALYZER_NONNULL = YES;
				CLANG_ANALYZER_NUMBER_OBJECT_CONVERSION = YES_AGGRESSIVE;
				CLANG_CXX_LANGUAGE_STANDARD = "gnu++14";
				CLANG_CXX_LIBRARY = "libc++";
				CLANG_ENABLE_MODULES = YES;
				CLANG_ENABLE_OBJC_ARC = YES;
				CLANG_ENABLE_OBJC_WEAK = YES;
				CLANG_WARN_BLOCK_CAPTURE_AUTORELEASING = YES;
				CLANG_WARN_BOOL_CONVERSION = YES;
				CLANG_WARN_COMMA = YES;
				CLANG_WARN_CONSTANT_CONVERSION = YES;
				CLANG_WARN_DEPRECATED_OBJC_IMPLEMENTATIONS = YES;
				CLANG_WARN_DIRECT_OBJC_ISA_USAGE = YES_ERROR;
				CLANG_WARN_DOCUMENTATION_COMMENTS = YES;
				CLANG_WARN_EMPTY_BODY = YES;
				CLANG_WARN_ENUM_CONVERSION = YES;
				CLANG_WARN_INFINITE_RECURSION = YES;
				CLANG_WARN_INT_CONVERSION = YES;
				CLANG_WARN_NON_LITERAL_NULL_CONVERSION = YES;
				CLANG_WARN_OBJC_IMPLICIT_RETAIN_SELF = YES;
				CLANG_WARN_OBJC_LITERAL_CONVERSION = YES;
				CLANG_WARN_OBJC_ROOT_CLASS = YES_ERROR;
				CLANG_WARN_RANGE_LOOP_ANALYSIS = YES;
				CLANG_WARN_STRICT_PROTOTYPES = YES;
				CLANG_WARN_SUSPICIOUS_MOVE = YES;
				CLANG_WARN_UNGUARDED_AVAILABILITY = YES_AGGRESSIVE;
				CLANG_WARN_UNREACHABLE_CODE = YES;
				CLANG_WARN__DUPLICATE_METHOD_MATCH = YES;
				CODE_SIGN_IDENTITY = "iPhone Developer";
				COPY_PHASE_STRIP = NO;
				DEBUG_INFORMATION_FORMAT = "dwarf-with-dsym";
				ENABLE_NS_ASSERTIONS = NO;
				ENABLE_STRICT_OBJC_MSGSEND = YES;
				GCC_C_LANGUAGE_STANDARD = gnu11;
				GCC_NO_COMMON_BLOCKS = YES;
				GCC_WARN_64_TO_32_BIT_CONVERSION = YES;
				GCC_WARN_ABOUT_RETURN_TYPE = YES_ERROR;
				GCC_WARN_UNDECLARED_SELECTOR = YES;
				GCC_WARN_UNINITIALIZED_AUTOS = YES_AGGRESSIVE;
				GCC_WARN_UNUSED_FUNCTION = YES;
				GCC_WARN_UNUSED_VARIABLE = YES;
				IPHONEOS_DEPLOYMENT_TARGET = 11.4;
				MTL_ENABLE_DEBUG_INFO = NO;
				SDKROOT = iphoneos;
				SWIFT_COMPILATION_MODE = wholemodule;
				SWIFT_OPTIMIZATION_LEVEL = "-O";
				VALIDATE_PRODUCT = YES;
			};
			name = Release;
		};
		1D7B614D21106466000DF2CF /* Debug */ = {
			isa = XCBuildConfiguration;
			buildSettings = {
				ASSETCATALOG_COMPILER_APPICON_NAME = AppIcon;
				CODE_SIGN_STYLE = Automatic;
				DEVELOPMENT_TEAM = LM229H4966;
				INFOPLIST_FILE = ToDoList/Info.plist;
				LD_RUNPATH_SEARCH_PATHS = (
					"$(inherited)",
					"@executable_path/Frameworks",
				);
				PRODUCT_BUNDLE_IDENTIFIER = FG.ToDoList;
				PRODUCT_NAME = "$(TARGET_NAME)";
				SWIFT_VERSION = 4.0;
				TARGETED_DEVICE_FAMILY = 1;
			};
			name = Debug;
		};
		1D7B614E21106466000DF2CF /* Release */ = {
			isa = XCBuildConfiguration;
			buildSettings = {
				ASSETCATALOG_COMPILER_APPICON_NAME = AppIcon;
				CODE_SIGN_STYLE = Automatic;
				DEVELOPMENT_TEAM = LM229H4966;
				INFOPLIST_FILE = ToDoList/Info.plist;
				LD_RUNPATH_SEARCH_PATHS = (
					"$(inherited)",
					"@executable_path/Frameworks",
				);
				PRODUCT_BUNDLE_IDENTIFIER = FG.ToDoList;
				PRODUCT_NAME = "$(TARGET_NAME)";
				SWIFT_VERSION = 4.0;
				TARGETED_DEVICE_FAMILY = 1;
			};
			name = Release;
		};
/* End XCBuildConfiguration section */

/* Begin XCConfigurationList section */
		1D7B613221106451000DF2CF /* Build configuration list for PBXProject "ToDoList" */ = {
			isa = XCConfigurationList;
			buildConfigurations = (
				1D7B614A21106466000DF2CF /* Debug */,
				1D7B614B21106466000DF2CF /* Release */,
			);
			defaultConfigurationIsVisible = 0;
			defaultConfigurationName = Release;
		};
		1D7B614C21106466000DF2CF /* Build configuration list for PBXNativeTarget "ToDoList" */ = {
			isa = XCConfigurationList;
			buildConfigurations = (
				1D7B614D21106466000DF2CF /* Debug */,
				1D7B614E21106466000DF2CF /* Release */,
			);
			defaultConfigurationIsVisible = 0;
			defaultConfigurationName = Release;
		};
/* End XCConfigurationList section */

/* Begin XCVersionGroup section */
		1D7B614121106452000DF2CF /* ToDoList.xcdatamodeld */ = {
			isa = XCVersionGroup;
			children = (
				1D7B614221106452000DF2CF /* lista.xcdatamodel */,
			);
			currentVersion = 1D7B614221106452000DF2CF /* lista.xcdatamodel */;
			path = ToDoList.xcdatamodeld;
			sourceTree = "<group>";
			versionGroupType = wrapper.xcdatamodel;
		};
/* End XCVersionGroup section */
	};
	rootObject = 1D7B612F21106451000DF2CF /* Project object */;
}
